{
  "name": "@nthparty/opaque",
  "version": "0.1.4",
  "lockfileVersion": 1,
  "requires": true,
  "dependencies": {
    "@nthparty/opaque": {
      "version": "0.1.4",
      "resolved": "https://registry.npmjs.org/@nthparty/opaque/-/opaque-0.1.4.tgz",
      "integrity": "sha512-l6FuH8a7lIJHIPslrUhgxG7+HrGmh4il8nSurV1/EOAVQL6skRWNb3PI5IuZ6fHFjrhyjpXyhUO/lChkLfSfmg==",
      "requires": {
        "@nthparty/opaque": "^0.1.3",
        "libsodium-wrappers-sumo": "^0.7.6",
        "oprf": "^2.0.0"
      }
    },
    "libsodium-sumo": {
      "version": "0.7.6",
      "resolved": "https://registry.npmjs.org/libsodium-sumo/-/libsodium-sumo-0.7.6.tgz",
      "integrity": "sha512-1XM2w00YkufeLVhFbw9aV+NTftzqECkEU1Amw2MxCbYuyy4L6MH5y8MWOg3shN6X/9R3e1pp6RCSXPnbFRTVCA=="
    },
    "libsodium-wrappers-sumo": {
      "version": "0.7.6",
      "resolved": "https://registry.npmjs.org/libsodium-wrappers-sumo/-/libsodium-wrappers-sumo-0.7.6.tgz",
      "integrity": "sha512-pwYQ1ZR/UwXBMY4tFDcjYZrBFgexkhRykzcE9Jv0l/J41Tp7PqHYfHA17YpOxIXrAIRBPVSlPo2VxHoGZZKwXA==",
      "requires": {
        "libsodium-sumo": "0.7.6"
      }
    },
    "oprf": {
      "version": "2.0.0",
      "resolved": "https://registry.npmjs.org/oprf/-/oprf-2.0.0.tgz",
      "integrity": "sha512-U478RnpEsyeR7Lt8KDLQ6rFioXAvN6Ei0E6U8XzkWor6JCXu0BnvOfMre5n29Pu7oHmKRI8CipXA1IXrFWIQOw==",
      "requires": {
        "libsodium-wrappers-sumo": "^0.7.6"
      }
    }
  }
}
